{
  "originHash" : "77737297761ed8d56a2ef134d1455360c437873c92a326fb0818f3916997f79c",
  "pins" : [
    {
      "identity" : "swiftmediaviewer",
      "kind" : "remoteSourceControl",
      "location" : "https://github.com/SilverMarcs/SwiftMediaViewer",
      "state" : {
        "branch" : "main",
        "revision" : "a9d7bd28258f131983d1bdf8c1cda930ef4851c4"
      }
    }
  ],
  "version" : 3
}
