{
  "originHash" : "77737297761ed8d56a2ef134d1455360c437873c92a326fb0818f3916997f79c",
  "pins" : [
    {
      "identity" : "swiftmediaviewer",
      "kind" : "remoteSourceControl",
      "location" : "https://github.com/SilverMarcs/SwiftMediaViewer",
      "state" : {
        "branch" : "main",
        "revision" : "91d267e15e84fc0a95df69767b1694ba8cb3946f"
      }
    }
  ],
  "version" : 3
}
